{
  "requires": true,
  "lockfileVersion": 1,
  "dependencies": {
    "use-cannon": {
      "version": "0.5.3",
      "resolved": "https://registry.npmjs.org/use-cannon/-/use-cannon-0.5.3.tgz",
      "integrity": "sha512-zVn1rRQJ3rw5grOkkNaxRcjS3AWsklrwHsOkmFiUq7Ac+jOE3CEJtASDK2ErScPe85c3BZDRO+/y9UU7VfaD1g=="
    }
  }
}
